
Microsoft Visual Studio Solution File, Format Version 12.00
# Visual Studio Version 17
VisualStudioVersion = 17.14.36414.22 d17.14
MinimumVisualStudioVersion = 10.0.40219.1
Project("{F184B08F-C81C-45F6-A57F-5ABD9991F28F}") = "QuanLyBanHang", "QuanLyBanHang\QuanLyBanHang.vbproj", "{5CE51ABB-CE98-4BDD-9F9A-517111D9AE1E}"
EndProject
Project("{F184B08F-C81C-45F6-A57F-5ABD9991F28F}") = "FormDangNhap", "FormDangNhap\FormDangNhap.vbproj", "{9570EC8F-7248-4B04-BA5C-4E769D76E8DB}"
EndProject
Global
	GlobalSection(SolutionConfigurationPlatforms) = preSolution
		Debug|Any CPU = Debug|Any CPU
		Release|Any CPU = Release|Any CPU
	EndGlobalSection
	GlobalSection(ProjectConfigurationPlatforms) = postSolution
		{5CE51ABB-CE98-4BDD-9F9A-517111D9AE1E}.Debug|Any CPU.ActiveCfg = Debug|Any CPU
		{5CE51ABB-CE98-4BDD-9F9A-517111D9AE1E}.Debug|Any CPU.Build.0 = Debug|Any CPU
		{5CE51ABB-CE98-4BDD-9F9A-517111D9AE1E}.Release|Any CPU.ActiveCfg = Release|Any CPU
		{5CE51ABB-CE98-4BDD-9F9A-517111D9AE1E}.Release|Any CPU.Build.0 = Release|Any CPU
		{9570EC8F-7248-4B04-BA5C-4E769D76E8DB}.Debug|Any CPU.ActiveCfg = Debug|Any CPU
		{9570EC8F-7248-4B04-BA5C-4E769D76E8DB}.Debug|Any CPU.Build.0 = Debug|Any CPU
		{9570EC8F-7248-4B04-BA5C-4E769D76E8DB}.Release|Any CPU.ActiveCfg = Release|Any CPU
		{9570EC8F-7248-4B04-BA5C-4E769D76E8DB}.Release|Any CPU.Build.0 = Release|Any CPU
	EndGlobalSection
	GlobalSection(SolutionProperties) = preSolution
		HideSolutionNode = FALSE
	EndGlobalSection
	GlobalSection(ExtensibilityGlobals) = postSolution
		SolutionGuid = {3165E193-4425-4A06-8430-4EF78F5FA413}
	EndGlobalSection
EndGlobal
